Microsoft Visual Studio Solution File, Format Version 12.00
# Visual Studio Version 17
VisualStudioVersion = 17.5.2.0
MinimumVisualStudioVersion = 10.0.40219.1
Project("{2150E333-8FDC-42A3-9474-1A3956D46DE8}") = "src", "src", "{827E0CD3-B72D-47B6-A68D-7590B98EB39B}"
EndProject
Project("{2150E333-8FDC-42A3-9474-1A3956D46DE8}") = "tests", "tests", "{0AB3BF05-4346-4AA6-1389-037BE0695223}"
EndProject
Project("{FAE04EC0-301F-11D3-BF4B-00C04F79EFBC}") = "KerbalInstructionsKit", "src\KerbalInstructionsKit\KerbalInstructionsKit.csproj", "{2FE3D93D-3FC2-DCA5-9F63-C80DE6C6CABF}"
EndProject
Project("{FAE04EC0-301F-11D3-BF4B-00C04F79EFBC}") = "KerbalInstructionsKit.Tests", "tests\KerbalInstructionsKit.Tests\KerbalInstructionsKit.Tests.csproj", "{CE41773F-0955-9FF0-9D68-687AFAB85A0E}"
EndProject
Global
	GlobalSection(SolutionConfigurationPlatforms) = preSolution
		Debug|Any CPU = Debug|Any CPU
		Release|Any CPU = Release|Any CPU
	EndGlobalSection
	GlobalSection(ProjectConfigurationPlatforms) = postSolution
		{2FE3D93D-3FC2-DCA5-9F63-C80DE6C6CABF}.Debug|Any CPU.ActiveCfg = Debug|Any CPU
		{2FE3D93D-3FC2-DCA5-9F63-C80DE6C6CABF}.Debug|Any CPU.Build.0 = Debug|Any CPU
		{2FE3D93D-3FC2-DCA5-9F63-C80DE6C6CABF}.Release|Any CPU.ActiveCfg = Release|Any CPU
		{2FE3D93D-3FC2-DCA5-9F63-C80DE6C6CABF}.Release|Any CPU.Build.0 = Release|Any CPU
		{CE41773F-0955-9FF0-9D68-687AFAB85A0E}.Debug|Any CPU.ActiveCfg = Debug|Any CPU
		{CE41773F-0955-9FF0-9D68-687AFAB85A0E}.Debug|Any CPU.Build.0 = Debug|Any CPU
		{CE41773F-0955-9FF0-9D68-687AFAB85A0E}.Release|Any CPU.ActiveCfg = Release|Any CPU
		{CE41773F-0955-9FF0-9D68-687AFAB85A0E}.Release|Any CPU.Build.0 = Release|Any CPU
	EndGlobalSection
	GlobalSection(SolutionProperties) = preSolution
		HideSolutionNode = FALSE
	EndGlobalSection
	GlobalSection(NestedProjects) = preSolution
		{2FE3D93D-3FC2-DCA5-9F63-C80DE6C6CABF} = {827E0CD3-B72D-47B6-A68D-7590B98EB39B}
		{CE41773F-0955-9FF0-9D68-687AFAB85A0E} = {0AB3BF05-4346-4AA6-1389-037BE0695223}
	EndGlobalSection
	GlobalSection(ExtensibilityGlobals) = postSolution
		SolutionGuid = {EAF3AC8A-BF8F-4E7C-B48A-A028E41815F7}
	EndGlobalSection
EndGlobal
